
Microsoft Visual Studio Solution File, Format Version 12.00
# Visual Studio Version 16
VisualStudioVersion = 16.0.30002.166
MinimumVisualStudioVersion = 10.0.40219.1
Project("{FAE04EC0-301F-11D3-BF4B-00C04F79EFBC}") = "Button", "Button\Button.csproj", "{FDF6A8C8-4925-4403-8C8A-EEAB9F49510E}"
EndProject
Project("{FAE04EC0-301F-11D3-BF4B-00C04F79EFBC}") = "Palette", "Palette\Palette.csproj", "{B3C04037-799E-49D1-9EE2-03EC6877EB11}"
EndProject
Global
	GlobalSection(SolutionConfigurationPlatforms) = preSolution
		Debug|Any CPU = Debug|Any CPU
		Release|Any CPU = Release|Any CPU
	EndGlobalSection
	GlobalSection(ProjectConfigurationPlatforms) = postSolution
		{FDF6A8C8-4925-4403-8C8A-EEAB9F49510E}.Debug|Any CPU.ActiveCfg = Debug|Any CPU
		{FDF6A8C8-4925-4403-8C8A-EEAB9F49510E}.Debug|Any CPU.Build.0 = Debug|Any CPU
		{FDF6A8C8-4925-4403-8C8A-EEAB9F49510E}.Release|Any CPU.ActiveCfg = Release|Any CPU
		{FDF6A8C8-4925-4403-8C8A-EEAB9F49510E}.Release|Any CPU.Build.0 = Release|Any CPU
		{B3C04037-799E-49D1-9EE2-03EC6877EB11}.Debug|Any CPU.ActiveCfg = Debug|Any CPU
		{B3C04037-799E-49D1-9EE2-03EC6877EB11}.Debug|Any CPU.Build.0 = Debug|Any CPU
		{B3C04037-799E-49D1-9EE2-03EC6877EB11}.Release|Any CPU.ActiveCfg = Release|Any CPU
		{B3C04037-799E-49D1-9EE2-03EC6877EB11}.Release|Any CPU.Build.0 = Release|Any CPU
	EndGlobalSection
	GlobalSection(SolutionProperties) = preSolution
		HideSolutionNode = FALSE
	EndGlobalSection
	GlobalSection(ExtensibilityGlobals) = postSolution
		SolutionGuid = {1077C4DB-BE7D-43FE-B07F-69CC06FA441D}
	EndGlobalSection
EndGlobal
